
Microsoft Visual Studio Solution File, Format Version 12.00
# Visual Studio Version 17
VisualStudioVersion = 17.0.32112.339
MinimumVisualStudioVersion = 10.0.40219.1
Project("{9A19103F-16F7-4668-BE54-9A1E7A4F7556}") = "BookingSystem.Service", "BookingSystem.Service\BookingSystem.Service.csproj", "{9E98B89E-9166-4DB7-A40D-8743EEE13846}"
EndProject
Project("{FAE04EC0-301F-11D3-BF4B-00C04F79EFBC}") = "BookingSystem.UnitTests", "BookingSystem.UnitTests\BookingSystem.UnitTests.csproj", "{459D18A8-0793-46AC-ACA5-A5C3110E79FF}"
EndProject
Global
	GlobalSection(SolutionConfigurationPlatforms) = preSolution
		Debug|Any CPU = Debug|Any CPU
		Release|Any CPU = Release|Any CPU
	EndGlobalSection
	GlobalSection(ProjectConfigurationPlatforms) = postSolution
		{9E98B89E-9166-4DB7-A40D-8743EEE13846}.Debug|Any CPU.ActiveCfg = Debug|Any CPU
		{9E98B89E-9166-4DB7-A40D-8743EEE13846}.Debug|Any CPU.Build.0 = Debug|Any CPU
		{9E98B89E-9166-4DB7-A40D-8743EEE13846}.Release|Any CPU.ActiveCfg = Release|Any CPU
		{9E98B89E-9166-4DB7-A40D-8743EEE13846}.Release|Any CPU.Build.0 = Release|Any CPU
		{459D18A8-0793-46AC-ACA5-A5C3110E79FF}.Debug|Any CPU.ActiveCfg = Debug|Any CPU
		{459D18A8-0793-46AC-ACA5-A5C3110E79FF}.Debug|Any CPU.Build.0 = Debug|Any CPU
		{459D18A8-0793-46AC-ACA5-A5C3110E79FF}.Release|Any CPU.ActiveCfg = Release|Any CPU
		{459D18A8-0793-46AC-ACA5-A5C3110E79FF}.Release|Any CPU.Build.0 = Release|Any CPU
	EndGlobalSection
	GlobalSection(SolutionProperties) = preSolution
		HideSolutionNode = FALSE
	EndGlobalSection
	GlobalSection(ExtensibilityGlobals) = postSolution
		SolutionGuid = {D98BA533-DC17-48B7-ACB7-6237BCDB5A8B}
	EndGlobalSection
EndGlobal
